
Microsoft Visual Studio Solution File, Format Version 12.00
# Visual Studio Version 17
VisualStudioVersion = 17.5.33502.453
MinimumVisualStudioVersion = 10.0.40219.1
Project("{9A19103F-16F7-4668-BE54-9A1E7A4F7556}") = "ConsoleTestApp", "ConsoleTestApp\ConsoleTestApp.csproj", "{26E03FA1-9587-44BE-9DEE-8D8C8C2B646A}"
EndProject
Project("{9A19103F-16F7-4668-BE54-9A1E7A4F7556}") = "WpfTestApp", "WpfTestApp\WpfTestApp.csproj", "{7B6D92FF-A6F3-4558-B866-243FB6EF3BF3}"
EndProject
Project("{9A19103F-16F7-4668-BE54-9A1E7A4F7556}") = "TestApp", "TestApp\TestApp.csproj", "{87836991-A66E-4BE2-912F-82F73401D413}"
EndProject
Project("{9A19103F-16F7-4668-BE54-9A1E7A4F7556}") = "Domain", "Domain\Domain.csproj", "{27161C97-4510-407C-AB88-5614FFBF1959}"
EndProject
Project("{9A19103F-16F7-4668-BE54-9A1E7A4F7556}") = "Domain.Test", "Domain.Test\Domain.Test.csproj", "{EBC7BFD4-E432-47BE-97D3-B503F0734C95}"
EndProject
Project("{C7167F0D-BC9F-4E6E-AFE1-012C56B48DB5}") = "PackagedTestApp (Package)", "PackagedTestApp\PackagedTestApp (Package)\PackagedTestApp (Package).wapproj", "{281A9120-6926-4F44-9465-E093DD302297}"
EndProject
Project("{9A19103F-16F7-4668-BE54-9A1E7A4F7556}") = "PackagedTestApp", "PackagedTestApp\PackagedTestApp\PackagedTestApp.csproj", "{BA91092C-EC0B-4907-8EFA-F699564BE59C}"
EndProject
Global
	GlobalSection(SolutionConfigurationPlatforms) = preSolution
		Debug|Any CPU = Debug|Any CPU
		Debug|ARM = Debug|ARM
		Debug|ARM64 = Debug|ARM64
		Debug|x64 = Debug|x64
		Debug|x86 = Debug|x86
		Release|Any CPU = Release|Any CPU
		Release|ARM = Release|ARM
		Release|ARM64 = Release|ARM64
		Release|x64 = Release|x64
		Release|x86 = Release|x86
	EndGlobalSection
	GlobalSection(ProjectConfigurationPlatforms) = postSolution
		{26E03FA1-9587-44BE-9DEE-8D8C8C2B646A}.Debug|Any CPU.ActiveCfg = Debug|Any CPU
		{26E03FA1-9587-44BE-9DEE-8D8C8C2B646A}.Debug|Any CPU.Build.0 = Debug|Any CPU
		{26E03FA1-9587-44BE-9DEE-8D8C8C2B646A}.Debug|ARM.ActiveCfg = Debug|Any CPU
		{26E03FA1-9587-44BE-9DEE-8D8C8C2B646A}.Debug|ARM.Build.0 = Debug|Any CPU
		{26E03FA1-9587-44BE-9DEE-8D8C8C2B646A}.Debug|ARM64.ActiveCfg = Debug|Any CPU
		{26E03FA1-9587-44BE-9DEE-8D8C8C2B646A}.Debug|ARM64.Build.0 = Debug|Any CPU
		{26E03FA1-9587-44BE-9DEE-8D8C8C2B646A}.Debug|x64.ActiveCfg = Debug|Any CPU
		{26E03FA1-9587-44BE-9DEE-8D8C8C2B646A}.Debug|x64.Build.0 = Debug|Any CPU
		{26E03FA1-9587-44BE-9DEE-8D8C8C2B646A}.Debug|x86.ActiveCfg = Debug|Any CPU
		{26E03FA1-9587-44BE-9DEE-8D8C8C2B646A}.Debug|x86.Build.0 = Debug|Any CPU
		{26E03FA1-9587-44BE-9DEE-8D8C8C2B646A}.Release|Any CPU.ActiveCfg = Release|Any CPU
		{26E03FA1-9587-44BE-9DEE-8D8C8C2B646A}.Release|Any CPU.Build.0 = Release|Any CPU
		{26E03FA1-9587-44BE-9DEE-8D8C8C2B646A}.Release|ARM.ActiveCfg = Release|Any CPU
		{26E03FA1-9587-44BE-9DEE-8D8C8C2B646A}.Release|ARM.Build.0 = Release|Any CPU
		{26E03FA1-9587-44BE-9DEE-8D8C8C2B646A}.Release|ARM64.ActiveCfg = Release|Any CPU
		{26E03FA1-9587-44BE-9DEE-8D8C8C2B646A}.Release|ARM64.Build.0 = Release|Any CPU
		{26E03FA1-9587-44BE-9DEE-8D8C8C2B646A}.Release|x64.ActiveCfg = Release|Any CPU
		{26E03FA1-9587-44BE-9DEE-8D8C8C2B646A}.Release|x64.Build.0 = Release|Any CPU
		{26E03FA1-9587-44BE-9DEE-8D8C8C2B646A}.Release|x86.ActiveCfg = Release|Any CPU
		{26E03FA1-9587-44BE-9DEE-8D8C8C2B646A}.Release|x86.Build.0 = Release|Any CPU
		{7B6D92FF-A6F3-4558-B866-243FB6EF3BF3}.Debug|Any CPU.ActiveCfg = Debug|Any CPU
		{7B6D92FF-A6F3-4558-B866-243FB6EF3BF3}.Debug|Any CPU.Build.0 = Debug|Any CPU
		{7B6D92FF-A6F3-4558-B866-243FB6EF3BF3}.Debug|ARM.ActiveCfg = Debug|Any CPU
		{7B6D92FF-A6F3-4558-B866-243FB6EF3BF3}.Debug|ARM.Build.0 = Debug|Any CPU
		{7B6D92FF-A6F3-4558-B866-243FB6EF3BF3}.Debug|ARM64.ActiveCfg = Debug|Any CPU
		{7B6D92FF-A6F3-4558-B866-243FB6EF3BF3}.Debug|ARM64.Build.0 = Debug|Any CPU
		{7B6D92FF-A6F3-4558-B866-243FB6EF3BF3}.Debug|x64.ActiveCfg = Debug|Any CPU
		{7B6D92FF-A6F3-4558-B866-243FB6EF3BF3}.Debug|x64.Build.0 = Debug|Any CPU
		{7B6D92FF-A6F3-4558-B866-243FB6EF3BF3}.Debug|x86.ActiveCfg = Debug|Any CPU
		{7B6D92FF-A6F3-4558-B866-243FB6EF3BF3}.Debug|x86.Build.0 = Debug|Any CPU
		{7B6D92FF-A6F3-4558-B866-243FB6EF3BF3}.Release|Any CPU.ActiveCfg = Release|Any CPU
		{7B6D92FF-A6F3-4558-B866-243FB6EF3BF3}.Release|Any CPU.Build.0 = Release|Any CPU
		{7B6D92FF-A6F3-4558-B866-243FB6EF3BF3}.Release|ARM.ActiveCfg = Release|Any CPU
		{7B6D92FF-A6F3-4558-B866-243FB6EF3BF3}.Release|ARM.Build.0 = Release|Any CPU
		{7B6D92FF-A6F3-4558-B866-243FB6EF3BF3}.Release|ARM64.ActiveCfg = Release|Any CPU
		{7B6D92FF-A6F3-4558-B866-243FB6EF3BF3}.Release|ARM64.Build.0 = Release|Any CPU
		{7B6D92FF-A6F3-4558-B866-243FB6EF3BF3}.Release|x64.ActiveCfg = Release|Any CPU
		{7B6D92FF-A6F3-4558-B866-243FB6EF3BF3}.Release|x64.Build.0 = Release|Any CPU
		{7B6D92FF-A6F3-4558-B866-243FB6EF3BF3}.Release|x86.ActiveCfg = Release|Any CPU
		{7B6D92FF-A6F3-4558-B866-243FB6EF3BF3}.Release|x86.Build.0 = Release|Any CPU
		{87836991-A66E-4BE2-912F-82F73401D413}.Debug|Any CPU.ActiveCfg = Debug|x64
		{87836991-A66E-4BE2-912F-82F73401D413}.Debug|Any CPU.Build.0 = Debug|x64
		{87836991-A66E-4BE2-912F-82F73401D413}.Debug|Any CPU.Deploy.0 = Debug|x64
		{87836991-A66E-4BE2-912F-82F73401D413}.Debug|ARM.ActiveCfg = Debug|x64
		{87836991-A66E-4BE2-912F-82F73401D413}.Debug|ARM.Build.0 = Debug|x64
		{87836991-A66E-4BE2-912F-82F73401D413}.Debug|ARM.Deploy.0 = Debug|x64
		{87836991-A66E-4BE2-912F-82F73401D413}.Debug|ARM64.ActiveCfg = Debug|ARM64
		{87836991-A66E-4BE2-912F-82F73401D413}.Debug|ARM64.Build.0 = Debug|ARM64
		{87836991-A66E-4BE2-912F-82F73401D413}.Debug|ARM64.Deploy.0 = Debug|ARM64
		{87836991-A66E-4BE2-912F-82F73401D413}.Debug|x64.ActiveCfg = Debug|x64
		{87836991-A66E-4BE2-912F-82F73401D413}.Debug|x64.Build.0 = Debug|x64
		{87836991-A66E-4BE2-912F-82F73401D413}.Debug|x64.Deploy.0 = Debug|x64
		{87836991-A66E-4BE2-912F-82F73401D413}.Debug|x86.ActiveCfg = Debug|x86
		{87836991-A66E-4BE2-912F-82F73401D413}.Debug|x86.Build.0 = Debug|x86
		{87836991-A66E-4BE2-912F-82F73401D413}.Debug|x86.Deploy.0 = Debug|x86
		{87836991-A66E-4BE2-912F-82F73401D413}.Release|Any CPU.ActiveCfg = Release|x64
		{87836991-A66E-4BE2-912F-82F73401D413}.Release|Any CPU.Build.0 = Release|x64
		{87836991-A66E-4BE2-912F-82F73401D413}.Release|Any CPU.Deploy.0 = Release|x64
		{87836991-A66E-4BE2-912F-82F73401D413}.Release|ARM.ActiveCfg = Release|x64
		{87836991-A66E-4BE2-912F-82F73401D413}.Release|ARM.Build.0 = Release|x64
		{87836991-A66E-4BE2-912F-82F73401D413}.Release|ARM.Deploy.0 = Release|x64
		{87836991-A66E-4BE2-912F-82F73401D413}.Release|ARM64.ActiveCfg = Release|ARM64
		{87836991-A66E-4BE2-912F-82F73401D413}.Release|ARM64.Build.0 = Release|ARM64
		{87836991-A66E-4BE2-912F-82F73401D413}.Release|ARM64.Deploy.0 = Release|ARM64
		{87836991-A66E-4BE2-912F-82F73401D413}.Release|x64.ActiveCfg = Release|x64
		{87836991-A66E-4BE2-912F-82F73401D413}.Release|x64.Build.0 = Release|x64
		{87836991-A66E-4BE2-912F-82F73401D413}.Release|x64.Deploy.0 = Release|x64
		{87836991-A66E-4BE2-912F-82F73401D413}.Release|x86.ActiveCfg = Release|x86
		{87836991-A66E-4BE2-912F-82F73401D413}.Release|x86.Build.0 = Release|x86
		{87836991-A66E-4BE2-912F-82F73401D413}.Release|x86.Deploy.0 = Release|x86
		{27161C97-4510-407C-AB88-5614FFBF1959}.Debug|Any CPU.ActiveCfg = Debug|Any CPU
		{27161C97-4510-407C-AB88-5614FFBF1959}.Debug|Any CPU.Build.0 = Debug|Any CPU
		{27161C97-4510-407C-AB88-5614FFBF1959}.Debug|ARM.ActiveCfg = Debug|Any CPU
		{27161C97-4510-407C-AB88-5614FFBF1959}.Debug|ARM.Build.0 = Debug|Any CPU
		{27161C97-4510-407C-AB88-5614FFBF1959}.Debug|ARM64.ActiveCfg = Debug|Any CPU
		{27161C97-4510-407C-AB88-5614FFBF1959}.Debug|ARM64.Build.0 = Debug|Any CPU
		{27161C97-4510-407C-AB88-5614FFBF1959}.Debug|x64.ActiveCfg = Debug|Any CPU
		{27161C97-4510-407C-AB88-5614FFBF1959}.Debug|x64.Build.0 = Debug|Any CPU
		{27161C97-4510-407C-AB88-5614FFBF1959}.Debug|x86.ActiveCfg = Debug|Any CPU
		{27161C97-4510-407C-AB88-5614FFBF1959}.Debug|x86.Build.0 = Debug|Any CPU
		{27161C97-4510-407C-AB88-5614FFBF1959}.Release|Any CPU.ActiveCfg = Release|Any CPU
		{27161C97-4510-407C-AB88-5614FFBF1959}.Release|Any CPU.Build.0 = Release|Any CPU
		{27161C97-4510-407C-AB88-5614FFBF1959}.Release|ARM.ActiveCfg = Release|Any CPU
		{27161C97-4510-407C-AB88-5614FFBF1959}.Release|ARM.Build.0 = Release|Any CPU
		{27161C97-4510-407C-AB88-5614FFBF1959}.Release|ARM64.ActiveCfg = Release|Any CPU
		{27161C97-4510-407C-AB88-5614FFBF1959}.Release|ARM64.Build.0 = Release|Any CPU
		{27161C97-4510-407C-AB88-5614FFBF1959}.Release|x64.ActiveCfg = Release|Any CPU
		{27161C97-4510-407C-AB88-5614FFBF1959}.Release|x64.Build.0 = Release|Any CPU
		{27161C97-4510-407C-AB88-5614FFBF1959}.Release|x86.ActiveCfg = Release|Any CPU
		{27161C97-4510-407C-AB88-5614FFBF1959}.Release|x86.Build.0 = Release|Any CPU
		{EBC7BFD4-E432-47BE-97D3-B503F0734C95}.Debug|Any CPU.ActiveCfg = Debug|Any CPU
		{EBC7BFD4-E432-47BE-97D3-B503F0734C95}.Debug|Any CPU.Build.0 = Debug|Any CPU
		{EBC7BFD4-E432-47BE-97D3-B503F0734C95}.Debug|ARM.ActiveCfg = Debug|Any CPU
		{EBC7BFD4-E432-47BE-97D3-B503F0734C95}.Debug|ARM.Build.0 = Debug|Any CPU
		{EBC7BFD4-E432-47BE-97D3-B503F0734C95}.Debug|ARM64.ActiveCfg = Debug|Any CPU
		{EBC7BFD4-E432-47BE-97D3-B503F0734C95}.Debug|ARM64.Build.0 = Debug|Any CPU
		{EBC7BFD4-E432-47BE-97D3-B503F0734C95}.Debug|x64.ActiveCfg = Debug|Any CPU
		{EBC7BFD4-E432-47BE-97D3-B503F0734C95}.Debug|x64.Build.0 = Debug|Any CPU
		{EBC7BFD4-E432-47BE-97D3-B503F0734C95}.Debug|x86.ActiveCfg = Debug|Any CPU
		{EBC7BFD4-E432-47BE-97D3-B503F0734C95}.Debug|x86.Build.0 = Debug|Any CPU
		{EBC7BFD4-E432-47BE-97D3-B503F0734C95}.Release|Any CPU.ActiveCfg = Release|Any CPU
		{EBC7BFD4-E432-47BE-97D3-B503F0734C95}.Release|Any CPU.Build.0 = Release|Any CPU
		{EBC7BFD4-E432-47BE-97D3-B503F0734C95}.Release|ARM.ActiveCfg = Release|Any CPU
		{EBC7BFD4-E432-47BE-97D3-B503F0734C95}.Release|ARM.Build.0 = Release|Any CPU
		{EBC7BFD4-E432-47BE-97D3-B503F0734C95}.Release|ARM64.ActiveCfg = Release|Any CPU
		{EBC7BFD4-E432-47BE-97D3-B503F0734C95}.Release|ARM64.Build.0 = Release|Any CPU
		{EBC7BFD4-E432-47BE-97D3-B503F0734C95}.Release|x64.ActiveCfg = Release|Any CPU
		{EBC7BFD4-E432-47BE-97D3-B503F0734C95}.Release|x64.Build.0 = Release|Any CPU
		{EBC7BFD4-E432-47BE-97D3-B503F0734C95}.Release|x86.ActiveCfg = Release|Any CPU
		{EBC7BFD4-E432-47BE-97D3-B503F0734C95}.Release|x86.Build.0 = Release|Any CPU
		{281A9120-6926-4F44-9465-E093DD302297}.Debug|Any CPU.ActiveCfg = Debug|x64
		{281A9120-6926-4F44-9465-E093DD302297}.Debug|Any CPU.Build.0 = Debug|x64
		{281A9120-6926-4F44-9465-E093DD302297}.Debug|Any CPU.Deploy.0 = Debug|x64
		{281A9120-6926-4F44-9465-E093DD302297}.Debug|ARM.ActiveCfg = Debug|x64
		{281A9120-6926-4F44-9465-E093DD302297}.Debug|ARM.Build.0 = Debug|x64
		{281A9120-6926-4F44-9465-E093DD302297}.Debug|ARM.Deploy.0 = Debug|x64
		{281A9120-6926-4F44-9465-E093DD302297}.Debug|ARM64.ActiveCfg = Debug|ARM64
		{281A9120-6926-4F44-9465-E093DD302297}.Debug|ARM64.Build.0 = Debug|ARM64
		{281A9120-6926-4F44-9465-E093DD302297}.Debug|ARM64.Deploy.0 = Debug|ARM64
		{281A9120-6926-4F44-9465-E093DD302297}.Debug|x64.ActiveCfg = Debug|x64
		{281A9120-6926-4F44-9465-E093DD302297}.Debug|x64.Build.0 = Debug|x64
		{281A9120-6926-4F44-9465-E093DD302297}.Debug|x64.Deploy.0 = Debug|x64
		{281A9120-6926-4F44-9465-E093DD302297}.Debug|x86.ActiveCfg = Debug|x86
		{281A9120-6926-4F44-9465-E093DD302297}.Debug|x86.Build.0 = Debug|x86
		{281A9120-6926-4F44-9465-E093DD302297}.Debug|x86.Deploy.0 = Debug|x86
		{281A9120-6926-4F44-9465-E093DD302297}.Release|Any CPU.ActiveCfg = Release|x64
		{281A9120-6926-4F44-9465-E093DD302297}.Release|Any CPU.Build.0 = Release|x64
		{281A9120-6926-4F44-9465-E093DD302297}.Release|Any CPU.Deploy.0 = Release|x64
		{281A9120-6926-4F44-9465-E093DD302297}.Release|ARM.ActiveCfg = Release|x64
		{281A9120-6926-4F44-9465-E093DD302297}.Release|ARM.Build.0 = Release|x64
		{281A9120-6926-4F44-9465-E093DD302297}.Release|ARM.Deploy.0 = Release|x64
		{281A9120-6926-4F44-9465-E093DD302297}.Release|ARM64.ActiveCfg = Release|ARM64
		{281A9120-6926-4F44-9465-E093DD302297}.Release|ARM64.Build.0 = Release|ARM64
		{281A9120-6926-4F44-9465-E093DD302297}.Release|ARM64.Deploy.0 = Release|ARM64
		{281A9120-6926-4F44-9465-E093DD302297}.Release|x64.ActiveCfg = Release|x64
		{281A9120-6926-4F44-9465-E093DD302297}.Release|x64.Build.0 = Release|x64
		{281A9120-6926-4F44-9465-E093DD302297}.Release|x64.Deploy.0 = Release|x64
		{281A9120-6926-4F44-9465-E093DD302297}.Release|x86.ActiveCfg = Release|x86
		{281A9120-6926-4F44-9465-E093DD302297}.Release|x86.Build.0 = Release|x86
		{281A9120-6926-4F44-9465-E093DD302297}.Release|x86.Deploy.0 = Release|x86
		{BA91092C-EC0B-4907-8EFA-F699564BE59C}.Debug|Any CPU.ActiveCfg = Debug|x64
		{BA91092C-EC0B-4907-8EFA-F699564BE59C}.Debug|Any CPU.Build.0 = Debug|x64
		{BA91092C-EC0B-4907-8EFA-F699564BE59C}.Debug|ARM.ActiveCfg = Debug|x64
		{BA91092C-EC0B-4907-8EFA-F699564BE59C}.Debug|ARM.Build.0 = Debug|x64
		{BA91092C-EC0B-4907-8EFA-F699564BE59C}.Debug|ARM64.ActiveCfg = Debug|ARM64
		{BA91092C-EC0B-4907-8EFA-F699564BE59C}.Debug|ARM64.Build.0 = Debug|ARM64
		{BA91092C-EC0B-4907-8EFA-F699564BE59C}.Debug|x64.ActiveCfg = Debug|x64
		{BA91092C-EC0B-4907-8EFA-F699564BE59C}.Debug|x64.Build.0 = Debug|x64
		{BA91092C-EC0B-4907-8EFA-F699564BE59C}.Debug|x86.ActiveCfg = Debug|x86
		{BA91092C-EC0B-4907-8EFA-F699564BE59C}.Debug|x86.Build.0 = Debug|x86
		{BA91092C-EC0B-4907-8EFA-F699564BE59C}.Release|Any CPU.ActiveCfg = Release|x64
		{BA91092C-EC0B-4907-8EFA-F699564BE59C}.Release|Any CPU.Build.0 = Release|x64
		{BA91092C-EC0B-4907-8EFA-F699564BE59C}.Release|ARM.ActiveCfg = Release|x64
		{BA91092C-EC0B-4907-8EFA-F699564BE59C}.Release|ARM.Build.0 = Release|x64
		{BA91092C-EC0B-4907-8EFA-F699564BE59C}.Release|ARM64.ActiveCfg = Release|ARM64
		{BA91092C-EC0B-4907-8EFA-F699564BE59C}.Release|ARM64.Build.0 = Release|ARM64
		{BA91092C-EC0B-4907-8EFA-F699564BE59C}.Release|x64.ActiveCfg = Release|x64
		{BA91092C-EC0B-4907-8EFA-F699564BE59C}.Release|x64.Build.0 = Release|x64
		{BA91092C-EC0B-4907-8EFA-F699564BE59C}.Release|x86.ActiveCfg = Release|x86
		{BA91092C-EC0B-4907-8EFA-F699564BE59C}.Release|x86.Build.0 = Release|x86
	EndGlobalSection
	GlobalSection(SolutionProperties) = preSolution
		HideSolutionNode = FALSE
	EndGlobalSection
	GlobalSection(ExtensibilityGlobals) = postSolution
		SolutionGuid = {86B90452-05AA-47EE-8A67-9AB793690E1F}
	EndGlobalSection
EndGlobal
